
Microsoft Visual Studio Solution File, Format Version 12.00
# Visual Studio 15
VisualStudioVersion = 15.0.28010.2048
MinimumVisualStudioVersion = 10.0.40219.1
Project("{FAE04EC0-301F-11D3-BF4B-00C04F79EFBC}") = "BattleshipStateTracker", "BattleshipStateTracker\BattleshipStateTracker.csproj", "{6E3AA443-0EAF-420E-B3D5-1D35303ED5AF}"
EndProject
Project("{FAE04EC0-301F-11D3-BF4B-00C04F79EFBC}") = "BattleShipLibrary", "BattleShip\BattleShipLibrary.csproj", "{A488A856-D6D2-4A93-BDB9-DC37527F9B3A}"
EndProject
Project("{FAE04EC0-301F-11D3-BF4B-00C04F79EFBC}") = "BSST_Test", "BSST_Test\BSST_Test.csproj", "{90946D86-AB43-4787-9CEA-B0949BA5F087}"
EndProject
Global
	GlobalSection(SolutionConfigurationPlatforms) = preSolution
		Debug|Any CPU = Debug|Any CPU
		Release|Any CPU = Release|Any CPU
	EndGlobalSection
	GlobalSection(ProjectConfigurationPlatforms) = postSolution
		{6E3AA443-0EAF-420E-B3D5-1D35303ED5AF}.Debug|Any CPU.ActiveCfg = Debug|Any CPU
		{6E3AA443-0EAF-420E-B3D5-1D35303ED5AF}.Debug|Any CPU.Build.0 = Debug|Any CPU
		{6E3AA443-0EAF-420E-B3D5-1D35303ED5AF}.Release|Any CPU.ActiveCfg = Release|Any CPU
		{6E3AA443-0EAF-420E-B3D5-1D35303ED5AF}.Release|Any CPU.Build.0 = Release|Any CPU
		{A488A856-D6D2-4A93-BDB9-DC37527F9B3A}.Debug|Any CPU.ActiveCfg = Debug|Any CPU
		{A488A856-D6D2-4A93-BDB9-DC37527F9B3A}.Debug|Any CPU.Build.0 = Debug|Any CPU
		{A488A856-D6D2-4A93-BDB9-DC37527F9B3A}.Release|Any CPU.ActiveCfg = Release|Any CPU
		{A488A856-D6D2-4A93-BDB9-DC37527F9B3A}.Release|Any CPU.Build.0 = Release|Any CPU
		{90946D86-AB43-4787-9CEA-B0949BA5F087}.Debug|Any CPU.ActiveCfg = Debug|Any CPU
		{90946D86-AB43-4787-9CEA-B0949BA5F087}.Debug|Any CPU.Build.0 = Debug|Any CPU
		{90946D86-AB43-4787-9CEA-B0949BA5F087}.Release|Any CPU.ActiveCfg = Release|Any CPU
		{90946D86-AB43-4787-9CEA-B0949BA5F087}.Release|Any CPU.Build.0 = Release|Any CPU
	EndGlobalSection
	GlobalSection(SolutionProperties) = preSolution
		HideSolutionNode = FALSE
	EndGlobalSection
	GlobalSection(ExtensibilityGlobals) = postSolution
		SolutionGuid = {7B16349C-CDD5-4E15-841F-B4DB9B116014}
	EndGlobalSection
EndGlobal
